#MicroXplorer Configuration settings - do not modify
CAD.formats=
CAD.pinconfig=
CAD.provider=
CORTEX_M33_NS.userName=CORTEX_M33
CRC.IPParameters=InputDataInversionMode,OutputDataInversionMode
CRC.InputDataInversionMode=CRC_INPUTDATA_INVERSION_BYTE
CRC.OutputDataInversionMode=CRC_OUTPUTDATA_INVERSION_ENABLE
DCMI.HSPolarity=DCMI_HSPOLARITY_LOW
DCMI.IPParameters=HSPolarity,PCKPolarity,VSPolarity
DCMI.PCKPolarity=DCMI_PCKPOLARITY_RISING
DCMI.VSPolarity=DCMI_VSPOLARITY_HIGH
File.Version=6
GPDMA1.DESTINC_GPDMACH0=DMA_DINC_FIXED
GPDMA1.DIRECTION_GPDMACH0=DMA_MEMORY_TO_PERIPH
GPDMA1.IPHANDLE_GPDMACH0-SIMPLEREQUEST_GPDMACH0=__NULL
GPDMA1.IPParameters=IPHANDLE_GPDMACH0-SIMPLEREQUEST_GPDMACH0,REQUEST_GPDMACH0,PRIORITY_GPDMACH0,DIRECTION_GPDMACH0,DESTINC_GPDMACH0,SRCINC_GPDMACH0
GPDMA1.PRIORITY_GPDMACH0=DMA_LOW_PRIORITY_HIGH_WEIGHT
GPDMA1.REQUEST_GPDMACH0=GPDMA1_REQUEST_SPI5_TX
GPDMA1.SRCINC_GPDMACH0=DMA_SINC_INCREMENTED
GPDMA2.IPParameters=PRIORITY_LL_GPDMACH5,LINKEDLISTMODE_GPDMACH5
GPDMA2.LINKEDLISTMODE_GPDMACH5=DMA_LINKEDLIST_CIRCULAR
GPDMA2.PRIORITY_LL_GPDMACH5=DMA_HIGH_PRIORITY
GPIO.groupedBy=Group By Peripherals
HASH.Algorithm=HASH_ALGOSELECTION_SHA256
HASH.DataType=HASH_BYTE_SWAP
HASH.IPParameters=Algorithm,DataType,pKey
HASH.pKey=__NULL
I2C2.Analog_Filter=I2C_ANALOGFILTER_ENABLE
I2C2.I2C_Speed_Mode=I2C_Standard
I2C2.IPParameters=Timing,Analog_Filter,I2C_Speed_Mode
I2C2.Timing=0x10707DBC
KeepUserPlacement=false
Linkedlist.MDMA_Channel0.GP_SW.0.BlkHWRequest=DMA_BREQ_SINGLE_BURST
Linkedlist.MDMA_Channel0.GP_SW.0.DataHandling=NONE
Linkedlist.MDMA_Channel0.GP_SW.0.DataSize=0
Linkedlist.MDMA_Channel0.GP_SW.0.DestBurstLength=4
Linkedlist.MDMA_Channel0.GP_SW.0.DestDataWidth=DMA_DEST_DATAWIDTH_WORD
Linkedlist.MDMA_Channel0.GP_SW.0.DestInc=DMA_DINC_INCREMENTED
Linkedlist.MDMA_Channel0.GP_SW.0.Direction=DMA_PERIPH_TO_MEMORY
Linkedlist.MDMA_Channel0.GP_SW.0.DstAddress=0
Linkedlist.MDMA_Channel0.GP_SW.0.Instance=MDMA_Channel0
Linkedlist.MDMA_Channel0.GP_SW.0.LL_CIRCULARNODE=Camera_DMA_Node1
Linkedlist.MDMA_Channel0.GP_SW.0.LL_MASTERDMA=GPDMA2
Linkedlist.MDMA_Channel0.GP_SW.0.LL_NAME=Camera_DMA_LL
Linkedlist.MDMA_Channel0.GP_SW.0.LL_TYPE=CIRCULAR
Linkedlist.MDMA_Channel0.GP_SW.0.NODE_NAME=Camera_DMA_Node1
Linkedlist.MDMA_Channel0.GP_SW.0.RequestParameters=LL_NAME,LL_MASTERDMA,LL_TYPE,LL_CIRCULARNODE,NODE_NAME,BlkHWRequest,Requestforcodegen,Direction,SrcInc,DestInc,SrcDataWidth,DestDataWidth,SrcBurstLength,DestBurstLength,TransferAllocatedPortSrc,TransferEventMode,DataHandling,TriggerPolarity,SrcAddress,DstAddress,DataSize
Linkedlist.MDMA_Channel0.GP_SW.0.Requestforcodegen=GPDMA2_REQUEST_DCMI
Linkedlist.MDMA_Channel0.GP_SW.0.SrcAddress=0
Linkedlist.MDMA_Channel0.GP_SW.0.SrcBurstLength=1
Linkedlist.MDMA_Channel0.GP_SW.0.SrcDataWidth=DMA_SRC_DATAWIDTH_WORD
Linkedlist.MDMA_Channel0.GP_SW.0.SrcInc=DMA_SINC_FIXED
Linkedlist.MDMA_Channel0.GP_SW.0.TransferAllocatedPortSrc=DMA_SRC_ALLOCATED_PORT0
Linkedlist.MDMA_Channel0.GP_SW.0.TransferEventMode=DMA_TCEM_BLOCK_TRANSFER
Linkedlist.MDMA_Channel0.GP_SW.0.TriggerPolarity=DMA_TRIG_POLARITY_MASKED
Linkedlist.MDMA_Channel0.GP_SW.1.BlkHWRequest=DMA_BREQ_SINGLE_BURST
Linkedlist.MDMA_Channel0.GP_SW.1.DataHandling=NONE
Linkedlist.MDMA_Channel0.GP_SW.1.DataSize=0
Linkedlist.MDMA_Channel0.GP_SW.1.DestBurstLength=4
Linkedlist.MDMA_Channel0.GP_SW.1.DestDataWidth=DMA_DEST_DATAWIDTH_WORD
Linkedlist.MDMA_Channel0.GP_SW.1.DestInc=DMA_DINC_INCREMENTED
Linkedlist.MDMA_Channel0.GP_SW.1.Direction=DMA_PERIPH_TO_MEMORY
Linkedlist.MDMA_Channel0.GP_SW.1.DstAddress=0
Linkedlist.MDMA_Channel0.GP_SW.1.Instance=MDMA_Channel0
Linkedlist.MDMA_Channel0.GP_SW.1.LL_CIRCULARNODE=Camera_DMA_Node1
Linkedlist.MDMA_Channel0.GP_SW.1.LL_MASTERDMA=GPDMA2
Linkedlist.MDMA_Channel0.GP_SW.1.LL_NAME=Camera_DMA_LL
Linkedlist.MDMA_Channel0.GP_SW.1.LL_TYPE=CIRCULAR
Linkedlist.MDMA_Channel0.GP_SW.1.NODE_NAME=Camera_DMA_Node2
Linkedlist.MDMA_Channel0.GP_SW.1.RequestParameters=LL_NAME,LL_MASTERDMA,LL_TYPE,LL_CIRCULARNODE,NODE_NAME,BlkHWRequest,Requestforcodegen,Direction,SrcInc,DestInc,SrcDataWidth,DestDataWidth,SrcBurstLength,DestBurstLength,TransferAllocatedPortSrc,TransferEventMode,DataHandling,TriggerPolarity,SrcAddress,DstAddress,DataSize
Linkedlist.MDMA_Channel0.GP_SW.1.Requestforcodegen=GPDMA2_REQUEST_DCMI
Linkedlist.MDMA_Channel0.GP_SW.1.SrcAddress=0
Linkedlist.MDMA_Channel0.GP_SW.1.SrcBurstLength=1
Linkedlist.MDMA_Channel0.GP_SW.1.SrcDataWidth=DMA_SRC_DATAWIDTH_WORD
Linkedlist.MDMA_Channel0.GP_SW.1.SrcInc=DMA_SINC_FIXED
Linkedlist.MDMA_Channel0.GP_SW.1.TransferAllocatedPortSrc=DMA_SRC_ALLOCATED_PORT0
Linkedlist.MDMA_Channel0.GP_SW.1.TransferEventMode=DMA_TCEM_BLOCK_TRANSFER
Linkedlist.MDMA_Channel0.GP_SW.1.TriggerPolarity=DMA_TRIG_POLARITY_MASKED
Linkedlist.MDMA_Channel0.Request0=GP_SW
Linkedlist.MDMA_Channel0.Request1=GP_SW
Linkedlist.MDMA_Channel0.RequestsNb=2
Linkedlist.RequestSet0=MDMA_Channel0
Linkedlist.RequestSetsNb=1
MMTAppReg1.MEMORYMAP.AP=RW_priv_only
MMTAppReg1.MEMORYMAP.AppRegionName=RAM
MMTAppReg1.MEMORYMAP.ContextName=CortexM33
MMTAppReg1.MEMORYMAP.CoreName=ARM Cortex-M33
MMTAppReg1.MEMORYMAP.DefaultDataRegion=true
MMTAppReg1.MEMORYMAP.IPParameters=StartAddress,Size,CoreName,DefaultDataRegion,ContextName,Name,AP
MMTAppReg1.MEMORYMAP.Name=RAM
MMTAppReg1.MEMORYMAP.Size=655360
MMTAppReg1.MEMORYMAP.StartAddress=0x20000000
MMTAppReg2.MEMORYMAP.AppRegionName=RAM Reserved Alias Region
MMTAppReg2.MEMORYMAP.CoreName=ARM Cortex-M33
MMTAppReg2.MEMORYMAP.DefaultDataRegion=false
MMTAppReg2.MEMORYMAP.IPParameters=StartAddress,Size,CoreName,DefaultDataRegion,ReservedRegion,Name
MMTAppReg2.MEMORYMAP.Name=RAM Reserved Alias Region
MMTAppReg2.MEMORYMAP.ReservedRegion=true
MMTAppReg2.MEMORYMAP.Size=655360
MMTAppReg2.MEMORYMAP.StartAddress=0x0A000000
MMTAppReg3.MEMORYMAP.AP=RO_priv_only
MMTAppReg3.MEMORYMAP.AppRegionName=FLASH
MMTAppReg3.MEMORYMAP.Cacheability=WTRA
MMTAppReg3.MEMORYMAP.ContextName=CortexM33
MMTAppReg3.MEMORYMAP.CoreName=ARM Cortex-M33
MMTAppReg3.MEMORYMAP.DefaultCodeRegion=true
MMTAppReg3.MEMORYMAP.DefaultDataRegion=false
MMTAppReg3.MEMORYMAP.IPParameters=StartAddress,Size,CoreName,DefaultDataRegion,MemType,ContextName,Name,AP,Cacheability,DefaultCodeRegion
MMTAppReg3.MEMORYMAP.MemType=ROM
MMTAppReg3.MEMORYMAP.Name=FLASH
MMTAppReg3.MEMORYMAP.Size=2097152
MMTAppReg3.MEMORYMAP.StartAddress=0x08000000
MMTAppRegionsCount=3
MMTConfigApplied=false
Mcu.CPN=STM32H563ZIT6
Mcu.ContextProject=TrustZoneDisabled
Mcu.Family=STM32H5
Mcu.IP0=CORTEX_M33_NS
Mcu.IP1=CRC
Mcu.IP10=MEMORYMAP
Mcu.IP11=NVIC
Mcu.IP12=PWR
Mcu.IP13=RCC
Mcu.IP14=RNG
Mcu.IP15=SPI5
Mcu.IP16=SYS
Mcu.IP17=TIM2
Mcu.IP18=TIM6
Mcu.IP19=USART6
Mcu.IP2=DCMI
Mcu.IP20=USB
Mcu.IP3=DEBUG
Mcu.IP4=GPDMA1
Mcu.IP5=GPDMA2
Mcu.IP6=HASH
Mcu.IP7=I2C2
Mcu.IP8=ICACHE
Mcu.IP9=LINKEDLIST
Mcu.IPNb=21
Mcu.Name=STM32H563ZITx
Mcu.Package=LQFP144
Mcu.Pin0=PE2
Mcu.Pin1=PE3
Mcu.Pin10=PF7
Mcu.Pin11=PF9
Mcu.Pin12=PA0
Mcu.Pin13=PA1
Mcu.Pin14=PA4
Mcu.Pin15=PA5
Mcu.Pin16=PA6
Mcu.Pin17=PB0
Mcu.Pin18=PF11
Mcu.Pin19=PF15
Mcu.Pin2=PE4
Mcu.Pin20=PE10
Mcu.Pin21=PE12
Mcu.Pin22=PB15
Mcu.Pin23=PG4
Mcu.Pin24=PG5
Mcu.Pin25=PG6
Mcu.Pin26=PG7
Mcu.Pin27=PG8
Mcu.Pin28=PC6
Mcu.Pin29=PC7
Mcu.Pin3=PE5
Mcu.Pin30=PC8
Mcu.Pin31=PA8
Mcu.Pin32=PA9
Mcu.Pin33=PA11
Mcu.Pin34=PA12
Mcu.Pin35=PA13(JTMS/SWDIO)
Mcu.Pin36=PA14(JTCK/SWCLK)
Mcu.Pin37=PA15(JTDI)
Mcu.Pin38=PC10
Mcu.Pin39=PC11
Mcu.Pin4=PE6
Mcu.Pin40=PD3
Mcu.Pin41=PG9
Mcu.Pin42=PG11
Mcu.Pin43=PG14
Mcu.Pin44=PB3(JTDO/TRACESWO)
Mcu.Pin45=PB4(NJTRST)
Mcu.Pin46=PB8
Mcu.Pin47=PE0
Mcu.Pin48=VP_CRC_VS_CRC
Mcu.Pin49=VP_GPDMA1_VS_GPDMACH0
Mcu.Pin5=PC13
Mcu.Pin50=VP_GPDMA2_VS_GPDMACH5
Mcu.Pin51=VP_HASH_VS_HASH
Mcu.Pin52=VP_ICACHE_VS_ICACHE
Mcu.Pin53=VP_PWR_VS_SECSignals
Mcu.Pin54=VP_RNG_VS_RNG
Mcu.Pin55=VP_SYS_VS_None
Mcu.Pin56=VP_TIM2_VS_ClockSourceINT
Mcu.Pin57=VP_TIM6_VS_ClockSourceINT
Mcu.Pin58=VP_MEMORYMAP_VS_MEMORYMAP
Mcu.Pin6=PF0
Mcu.Pin7=PF1
Mcu.Pin8=PF3
Mcu.Pin9=PF4
Mcu.PinsNb=59
Mcu.ThirdPartyNb=0
Mcu.UserConstants=SC_DEFAULT_BAUD_RATE,10752;SC_DEFAULT_PSC,25
Mcu.UserName=STM32H563ZITx
MxCube.Version=6.9.1
MxDb.Version=DB.6.0.91
NVIC.BusFault_IRQn=true\:0\:0\:false\:false\:true\:false\:false\:false
NVIC.DCMI_PSSI_IRQn=true\:2\:0\:true\:false\:true\:true\:true\:true
NVIC.DebugMonitor_IRQn=true\:0\:0\:false\:false\:true\:false\:false\:false
NVIC.ForceEnableDMAVector=true
NVIC.GPDMA1_Channel0_IRQn=true\:0\:0\:false\:false\:true\:false\:true\:true
NVIC.GPDMA2_Channel5_IRQn=true\:0\:0\:false\:false\:true\:true\:true\:true
NVIC.HardFault_IRQn=true\:0\:0\:false\:false\:true\:false\:false\:false
NVIC.MemoryManagement_IRQn=true\:0\:0\:false\:false\:true\:false\:false\:false
NVIC.NonMaskableInt_IRQn=true\:0\:0\:false\:false\:true\:false\:false\:false
NVIC.PendSV_IRQn=true\:0\:0\:false\:false\:false\:false\:false\:false
NVIC.PriorityGroup=NVIC_PRIORITYGROUP_4
NVIC.SPI5_IRQn=true\:2\:0\:true\:false\:true\:false\:true\:true
NVIC.SVCall_IRQn=true\:0\:0\:false\:false\:false\:false\:false\:false
NVIC.SysTick_IRQn=true\:15\:0\:false\:false\:false\:false\:false\:false
NVIC.TimeBase=None
NVIC.USART6_IRQn=true\:2\:0\:true\:false\:true\:true\:true\:true
NVIC.USB_DRD_FS_IRQn=true\:2\:0\:true\:false\:true\:true\:true\:true
NVIC.UsageFault_IRQn=true\:0\:0\:false\:false\:true\:false\:false\:false
PA0.GPIOParameters=GPIO_Speed,GPIO_Label
PA0.GPIO_Label=GPIO_LCD_CD
PA0.GPIO_Speed=GPIO_SPEED_FREQ_VERY_HIGH
PA0.Locked=true
PA0.Signal=GPIO_Output
PA1.GPIOParameters=PinState,GPIO_Label
PA1.GPIO_Label=GPIO_LCD_RST
PA1.Locked=true
PA1.PinState=GPIO_PIN_SET
PA1.Signal=GPIO_Output
PA11.GPIOParameters=GPIO_Label
PA11.GPIO_Label=USB_FS_N
PA11.Locked=true
PA11.Mode=Device
PA11.Signal=USB_DM
PA12.GPIOParameters=GPIO_Label
PA12.GPIO_Label=USB_FS_P
PA12.Locked=true
PA12.Mode=Device
PA12.Signal=USB_DP
PA13(JTMS/SWDIO).GPIOParameters=GPIO_Label
PA13(JTMS/SWDIO).GPIO_Label=SWDIO
PA13(JTMS/SWDIO).Locked=true
PA13(JTMS/SWDIO).Mode=Trace_Synchro_4bits_JTAG
PA13(JTMS/SWDIO).Signal=DEBUG_JTMS-SWDIO
PA14(JTCK/SWCLK).GPIOParameters=GPIO_Label
PA14(JTCK/SWCLK).GPIO_Label=SWCLK
PA14(JTCK/SWCLK).Locked=true
PA14(JTCK/SWCLK).Mode=Trace_Synchro_4bits_JTAG
PA14(JTCK/SWCLK).Signal=DEBUG_JTCK-SWCLK
PA15(JTDI).GPIOParameters=GPIO_Label
PA15(JTDI).GPIO_Label=T_JTDI
PA15(JTDI).Locked=true
PA15(JTDI).Mode=Trace_Synchro_4bits_JTAG
PA15(JTDI).Signal=DEBUG_JTDI
PA4.GPIOParameters=GPIO_Speed
PA4.GPIO_Speed=GPIO_SPEED_FREQ_HIGH
PA4.Mode=Slave_8_bits_External_Synchro
PA4.Signal=DCMI_HSYNC
PA5.Signal=S_TIM2_CH1
PA6.GPIOParameters=GPIO_Speed
PA6.GPIO_Speed=GPIO_SPEED_FREQ_HIGH
PA6.Mode=Slave_8_bits_External_Synchro
PA6.Signal=DCMI_PIXCLK
PA8.Mode=Clock-out
PA8.Signal=RCC_MCO_1
PA9.GPIOParameters=GPIO_Label
PA9.GPIO_Label=UCPD_DBn
PA9.Locked=true
PA9.Signal=UCPD1_DB1
PB0.GPIOParameters=GPIO_Label
PB0.GPIO_Label=GPIO_LED1_GREEN
PB0.Locked=true
PB0.Signal=GPIO_Output
PB15.GPIOParameters=GPIO_Speed
PB15.GPIO_Speed=GPIO_SPEED_FREQ_HIGH
PB15.Mode=Slave_8_bits_External_Synchro
PB15.Signal=DCMI_D2
PB3(JTDO/TRACESWO).GPIOParameters=GPIO_Label
PB3(JTDO/TRACESWO).GPIO_Label=SWO
PB3(JTDO/TRACESWO).Locked=true
PB3(JTDO/TRACESWO).Mode=Trace_Synchro_4bits_JTAG
PB3(JTDO/TRACESWO).Signal=DEBUG_JTDO-SWO
PB4(NJTRST).GPIOParameters=GPIO_Speed
PB4(NJTRST).GPIO_Speed=GPIO_SPEED_FREQ_HIGH
PB4(NJTRST).Mode=Slave_8_bits_External_Synchro
PB4(NJTRST).Signal=DCMI_D7
PB8.GPIOParameters=GPIO_Speed
PB8.GPIO_Speed=GPIO_SPEED_FREQ_HIGH
PB8.Mode=Slave_8_bits_External_Synchro
PB8.Signal=DCMI_D6
PC10.GPIOParameters=GPIO_Label
PC10.GPIO_Label=GPIO_CARD_RST
PC10.Locked=true
PC10.Signal=GPIO_Output
PC11.GPIOParameters=GPIO_Speed
PC11.GPIO_Speed=GPIO_SPEED_FREQ_HIGH
PC11.Mode=Slave_8_bits_External_Synchro
PC11.Signal=DCMI_D4
PC13.GPIOParameters=GPIO_Label
PC13.GPIO_Label=GPIO_USER_BUTTON
PC13.Locked=true
PC13.Signal=GPXTI13
PC6.GPIOParameters=GPIO_Speed
PC6.GPIO_Speed=GPIO_SPEED_FREQ_HIGH
PC6.Mode=Slave_8_bits_External_Synchro
PC6.Signal=DCMI_D0
PC7.GPIOParameters=GPIO_Speed
PC7.GPIO_Speed=GPIO_SPEED_FREQ_HIGH
PC7.Mode=Slave_8_bits_External_Synchro
PC7.Signal=DCMI_D1
PC8.Mode=SmartCard_With_Clock
PC8.Signal=USART6_CK
PD3.GPIOParameters=GPIO_Speed
PD3.GPIO_Speed=GPIO_SPEED_FREQ_HIGH
PD3.Mode=Slave_8_bits_External_Synchro
PD3.Signal=DCMI_D5
PE0.GPIOParameters=PinState,GPIO_PuPd,GPIO_Label,GPIO_ModeDefaultOutputPP
PE0.GPIO_Label=GPIO_KEYPAD_ROW_0
PE0.GPIO_ModeDefaultOutputPP=GPIO_MODE_OUTPUT_OD
PE0.GPIO_PuPd=GPIO_NOPULL
PE0.Locked=true
PE0.PinState=GPIO_PIN_SET
PE0.Signal=GPIO_Output
PE10.GPIOParameters=GPIO_Label
PE10.GPIO_Label=GPIO_CAMERA_PWDN
PE10.Locked=true
PE10.Signal=GPIO_Output
PE12.GPIOParameters=PinState,GPIO_Label
PE12.GPIO_Label=GPIO_CAMERA_RST
PE12.Locked=true
PE12.PinState=GPIO_PIN_SET
PE12.Signal=GPIO_Output
PE2.GPIOParameters=GPIO_Label
PE2.GPIO_Label=TRACE_CK
PE2.Locked=true
PE2.Mode=Trace_Synchro_4bits_JTAG
PE2.Signal=DEBUG_TRACECLK
PE3.GPIOParameters=GPIO_Label
PE3.GPIO_Label=TRACE_D0
PE3.Locked=true
PE3.Mode=Trace_Synchro_4bits_JTAG
PE3.Signal=DEBUG_TRACED0
PE4.GPIOParameters=GPIO_Label
PE4.GPIO_Label=TRACE_D1
PE4.Locked=true
PE4.Mode=Trace_Synchro_4bits_JTAG
PE4.Signal=DEBUG_TRACED1
PE5.GPIOParameters=GPIO_Label
PE5.GPIO_Label=TRACE_D2
PE5.Locked=true
PE5.Mode=Trace_Synchro_4bits_JTAG
PE5.Signal=DEBUG_TRACED2
PE6.GPIOParameters=GPIO_Label
PE6.GPIO_Label=TRACE_D3
PE6.Locked=true
PE6.Mode=Trace_Synchro_4bits_JTAG
PE6.Signal=DEBUG_TRACED3
PF0.Mode=I2C
PF0.Signal=I2C2_SDA
PF1.Mode=I2C
PF1.Signal=I2C2_SCL
PF11.GPIOParameters=GPIO_PuPd,GPIO_Label
PF11.GPIO_Label=GPIO_KEYPAD_COL_0
PF11.GPIO_PuPd=GPIO_PULLUP
PF11.Locked=true
PF11.Signal=GPIO_Input
PF15.GPIOParameters=GPIO_PuPd,GPIO_Label
PF15.GPIO_Label=GPIO_KEYPAD_COL_1
PF15.GPIO_PuPd=GPIO_PULLUP
PF15.Locked=true
PF15.Signal=GPIO_Input
PF3.GPIOParameters=GPIO_PuPd,GPIO_Label
PF3.GPIO_Label=GPIO_KEYPAD_COL_2
PF3.GPIO_PuPd=GPIO_PULLUP
PF3.Locked=true
PF3.Signal=GPIO_Input
PF4.GPIOParameters=GPIO_Label
PF4.GPIO_Label=GPIO_LED2_YELLOW
PF4.Locked=true
PF4.Signal=GPIO_Output
PF7.GPIOParameters=GPIO_Speed
PF7.GPIO_Speed=GPIO_SPEED_FREQ_MEDIUM
PF7.Mode=TX_Only_Simplex_Unidirect_Master
PF7.Signal=SPI5_SCK
PF9.GPIOParameters=GPIO_Speed
PF9.GPIO_Speed=GPIO_SPEED_FREQ_MEDIUM
PF9.Mode=TX_Only_Simplex_Unidirect_Master
PF9.Signal=SPI5_MOSI
PG11.GPIOParameters=GPIO_Speed
PG11.GPIO_Speed=GPIO_SPEED_FREQ_HIGH
PG11.Mode=Slave_8_bits_External_Synchro
PG11.Signal=DCMI_D3
PG14.Mode=SmartCard_With_Clock
PG14.Signal=USART6_TX
PG4.GPIOParameters=GPIO_Label
PG4.GPIO_Label=GPIO_LED3_RED
PG4.Locked=true
PG4.Signal=GPIO_Output
PG5.GPIOParameters=PinState,GPIO_PuPd,GPIO_Label,GPIO_ModeDefaultOutputPP
PG5.GPIO_Label=GPIO_KEYPAD_ROW_2
PG5.GPIO_ModeDefaultOutputPP=GPIO_MODE_OUTPUT_OD
PG5.GPIO_PuPd=GPIO_NOPULL
PG5.Locked=true
PG5.PinState=GPIO_PIN_SET
PG5.Signal=GPIO_Output
PG6.GPIOParameters=PinState,GPIO_PuPd,GPIO_Label,GPIO_ModeDefaultOutputPP
PG6.GPIO_Label=GPIO_KEYPAD_ROW_3
PG6.GPIO_ModeDefaultOutputPP=GPIO_MODE_OUTPUT_OD
PG6.GPIO_PuPd=GPIO_NOPULL
PG6.Locked=true
PG6.PinState=GPIO_PIN_SET
PG6.Signal=GPIO_Output
PG7.GPIOParameters=GPIO_Label
PG7.GPIO_Label=UCPD_FLT
PG7.Locked=true
PG7.Signal=GPXTI7
PG8.GPIOParameters=PinState,GPIO_PuPd,GPIO_Label,GPIO_ModeDefaultOutputPP
PG8.GPIO_Label=GPIO_KEYPAD_ROW_1
PG8.GPIO_ModeDefaultOutputPP=GPIO_MODE_OUTPUT_OD
PG8.GPIO_PuPd=GPIO_NOPULL
PG8.Locked=true
PG8.PinState=GPIO_PIN_SET
PG8.Signal=GPIO_Output
PG9.GPIOParameters=GPIO_Speed
PG9.GPIO_Speed=GPIO_SPEED_FREQ_HIGH
PG9.Mode=Slave_8_bits_External_Synchro
PG9.Signal=DCMI_VSYNC
PinOutPanel.RotationAngle=0
ProjectManager.AskForMigrate=true
ProjectManager.BackupPrevious=false
ProjectManager.CompilerOptimize=6
ProjectManager.ComputerToolchain=false
ProjectManager.CoupleFile=false
ProjectManager.CustomerFirmwarePackage=
ProjectManager.DefaultFWLocation=true
ProjectManager.DeletePrevious=true
ProjectManager.DeviceId=STM32H563ZITx
ProjectManager.FirmwarePackage=STM32Cube FW_H5 V1.1.0
ProjectManager.FreePins=true
ProjectManager.HalAssertFull=false
ProjectManager.HeapSize=0x0
ProjectManager.KeepUserCode=true
ProjectManager.LastFirmware=true
ProjectManager.LibraryCopy=1
ProjectManager.MainLocation=Core/Src
ProjectManager.NoMain=true
ProjectManager.PreviousToolchain=
ProjectManager.ProjectBuild=false
ProjectManager.ProjectFileName=stm32.ioc
ProjectManager.ProjectName=stm32
ProjectManager.ProjectStructure=
ProjectManager.RegisterCallBack=
ProjectManager.StackSize=0x400
ProjectManager.TargetToolchain=STM32CubeIDE
ProjectManager.ToolChainLocation=
ProjectManager.UAScriptAfterPath=
ProjectManager.UAScriptBeforePath=
ProjectManager.UnderRoot=true
ProjectManager.functionlistsort=1-SystemClock_Config-RCC-true-HAL-false,2-MX_GPIO_Init-GPIO-true-HAL-false,3-MX_GPDMA1_Init-GPDMA1-true-HAL-false,4-MX_GPDMA2_Init-GPDMA2-true-HAL-false,5-MX_USB_PCD_Init-USB-true-HAL-false,6-MX_DCMI_Init-DCMI-true-HAL-false,7-MX_RNG_Init-RNG-true-HAL-false,8-MX_ICACHE_Init-ICACHE-true-HAL-false,9-MX_HASH_Init-HASH-true-HAL-false,10-MX_I2C2_Init-I2C2-true-HAL-false,11-MX_TIM6_Init-TIM6-true-HAL-false,12-MX_SPI5_Init-SPI5-true-HAL-false,13-MX_USART6_SMARTCARD_Init-USART6-true-HAL-false,14-MX_TIM2_Init-TIM2-true-HAL-false,15-MX_CRC_Init-CRC-true-HAL-false,16-MX_MEMORYMAP_Init-MEMORYMAP-false-HAL-true,0-MX_CORTEX_M33_NS_Init-CORTEX_M33_NS-false-HAL-true,0-MX_PWR_Init-PWR-false-HAL-true
RCC.ADCFreq_Value=250000000
RCC.AHBFreq_Value=250000000
RCC.APB1Freq_Value=250000000
RCC.APB1TimFreq_Value=250000000
RCC.APB2Freq_Value=250000000
RCC.APB2TimFreq_Value=250000000
RCC.APB3Freq_Value=250000000
RCC.CECFreq_Value=32000
RCC.CKPERFreq_Value=64000000
RCC.CRSFreq_Value=48000000
RCC.CSI_VALUE=4000000
RCC.CortexFreq_Value=250000000
RCC.DACFreq_Value=32768
RCC.EPOD_VALUE=64000000
RCC.ETHFreq_Value=250000000
RCC.FCLKCortexFreq_Value=250000000
RCC.FDCANFreq_Value=8000000
RCC.FamilyName=M
RCC.HCLKFreq_Value=250000000
RCC.HSE_VALUE=8000000
RCC.HSI48_VALUE=48000000
RCC.HSIDiv=RCC_HSI_DIV1
RCC.HSI_VALUE=64000000
RCC.I2C1Freq_Value=250000000
RCC.I2C2CLockSelection=RCC_I2C2CLKSOURCE_HSI
RCC.I2C2Freq_Value=64000000
RCC.I2C3Freq_Value=250000000
RCC.I2C4Freq_Value=250000000
RCC.I3C1Freq_Value=250000000
RCC.IPParameters=ADCFreq_Value,AHBFreq_Value,APB1Freq_Value,APB1TimFreq_Value,APB2Freq_Value,APB2TimFreq_Value,APB3Freq_Value,CECFreq_Value,CKPERFreq_Value,CRSFreq_Value,CSI_VALUE,CortexFreq_Value,DACFreq_Value,EPOD_VALUE,ETHFreq_Value,FCLKCortexFreq_Value,FDCANFreq_Value,FamilyName,HCLKFreq_Value,HSE_VALUE,HSI48_VALUE,HSIDiv,HSI_VALUE,I2C1Freq_Value,I2C2CLockSelection,I2C2Freq_Value,I2C3Freq_Value,I2C4Freq_Value,I3C1Freq_Value,LPTIM1Freq_Value,LPTIM2Freq_Value,LPTIM3Freq_Value,LPTIM4Freq_Value,LPTIM5Freq_Value,LPTIM6Freq_Value,LPUART1Freq_Value,LSCOPinFreq_Value,LSE_VALUE,LSIRC_VALUE,MCO1PinFreq_Value,MCO2PinFreq_Value,OCTOSPIMFreq_Value,PLL2M,PLL2N,PLL2PoutputFreq_Value,PLL2QoutputFreq_Value,PLL2RoutputFreq_Value,PLL2Source,PLL3M,PLL3N,PLL3PoutputFreq_Value,PLL3QoutputFreq_Value,PLL3RoutputFreq_Value,PLLM,PLLN,PLLPoutputFreq_Value,PLLQoutputFreq_Value,PLLSourceVirtual,PWRFreq_Value,RCC_MCO1Source,RCC_MCODiv,RNGFreq_Value,SAI1Freq_Value,SAI2Freq_Value,SDMMC1Freq_Value,SDMMC2Freq_Value,SPI1Freq_Value,SPI2Freq_Value,SPI3Freq_Value,SPI4Freq_Value,SPI5Freq_Value,SPI6Freq_Value,SYSCLKFreq_VALUE,SYSCLKSource,UART12Freq_Value,UART4Freq_Value,UART5Freq_Value,UART7Freq_Value,UART8Freq_Value,UART9Freq_Value,UCPD1outputFreq_Value,USART10Freq_Value,USART11Freq_Value,USART1Freq_Value,USART2Freq_Value,USART3CLockSelection,USART3Freq_Value,USART6CLockSelection,USART6Freq_Value,USBFreq_Value,VCOInput2Freq_Value,VCOInput3Freq_Value,VCOInputFreq_Value,VCOOutputFreq_Value,VCOPLL2OutputFreq_Value,VCOPLL3OutputFreq_Value
RCC.LPTIM1Freq_Value=250000000
RCC.LPTIM2Freq_Value=250000000
RCC.LPTIM3Freq_Value=250000000
RCC.LPTIM4Freq_Value=250000000
RCC.LPTIM5Freq_Value=250000000
RCC.LPTIM6Freq_Value=250000000
RCC.LPUART1Freq_Value=250000000
RCC.LSCOPinFreq_Value=32000
RCC.LSE_VALUE=32768
RCC.LSIRC_VALUE=32000
RCC.MCO1PinFreq_Value=24000000
RCC.MCO2PinFreq_Value=250000000
RCC.OCTOSPIMFreq_Value=250000000
RCC.PLL2M=32
RCC.PLL2N=200
RCC.PLL2PoutputFreq_Value=200000000
RCC.PLL2QoutputFreq_Value=200000000
RCC.PLL2RoutputFreq_Value=200000000
RCC.PLL2Source=RCC_PLL2_SOURCE_HSI
RCC.PLL3M=2
RCC.PLL3N=250
RCC.PLL3PoutputFreq_Value=250000000
RCC.PLL3QoutputFreq_Value=250000000
RCC.PLL3RoutputFreq_Value=250000000
RCC.PLLM=32
RCC.PLLN=250
RCC.PLLPoutputFreq_Value=250000000
RCC.PLLQoutputFreq_Value=250000000
RCC.PLLSourceVirtual=RCC_PLL1_SOURCE_HSI
RCC.PWRFreq_Value=250000000
RCC.RCC_MCO1Source=RCC_MCO1SOURCE_HSI48
RCC.RCC_MCODiv=RCC_MCODIV_2
RCC.RNGFreq_Value=48000000
RCC.SAI1Freq_Value=200000000
RCC.SAI2Freq_Value=200000000
RCC.SDMMC1Freq_Value=250000000
RCC.SDMMC2Freq_Value=250000000
RCC.SPI1Freq_Value=250000000
RCC.SPI2Freq_Value=250000000
RCC.SPI3Freq_Value=250000000
RCC.SPI4Freq_Value=250000000
RCC.SPI5Freq_Value=250000000
RCC.SPI6Freq_Value=250000000
RCC.SYSCLKFreq_VALUE=250000000
RCC.SYSCLKSource=RCC_SYSCLKSOURCE_PLLCLK
RCC.UART12Freq_Value=250000000
RCC.UART4Freq_Value=250000000
RCC.UART5Freq_Value=250000000
RCC.UART7Freq_Value=250000000
RCC.UART8Freq_Value=250000000
RCC.UART9Freq_Value=250000000
RCC.UCPD1outputFreq_Value=16000000
RCC.USART10Freq_Value=250000000
RCC.USART11Freq_Value=250000000
RCC.USART1Freq_Value=250000000
RCC.USART2Freq_Value=250000000
RCC.USART3CLockSelection=RCC_USART3CLKSOURCE_HSI
RCC.USART3Freq_Value=64000000
RCC.USART6CLockSelection=RCC_USART6CLKSOURCE_PLL2Q
RCC.USART6Freq_Value=200000000
RCC.USBFreq_Value=48000000
RCC.VCOInput2Freq_Value=2000000
RCC.VCOInput3Freq_Value=2000000
RCC.VCOInputFreq_Value=2000000
RCC.VCOOutputFreq_Value=500000000
RCC.VCOPLL2OutputFreq_Value=400000000
RCC.VCOPLL3OutputFreq_Value=500000000
SH.GPXTI13.0=GPIO_EXTI13
SH.GPXTI13.ConfNb=1
SH.GPXTI7.0=GPIO_EXTI7
SH.GPXTI7.ConfNb=1
SH.S_TIM2_CH1.0=TIM2_CH1,PWM Generation1 CH1
SH.S_TIM2_CH1.ConfNb=1
SPI5.BaudRatePrescaler=SPI_BAUDRATEPRESCALER_8
SPI5.CLKPolarity=SPI_POLARITY_HIGH
SPI5.CalculateBaudRate=31.25 MBits/s
SPI5.DataSize=SPI_DATASIZE_8BIT
SPI5.Direction=SPI_DIRECTION_2LINES_TXONLY
SPI5.IPParameters=VirtualType,Mode,Direction,CalculateBaudRate,DataSize,BaudRatePrescaler,CLKPolarity,NSSPMode
SPI5.Mode=SPI_MODE_MASTER
SPI5.NSSPMode=SPI_NSS_PULSE_DISABLE
SPI5.VirtualType=VM_MASTER
TIM2.AutoReloadPreload=TIM_AUTORELOAD_PRELOAD_ENABLE
TIM2.Channel-PWM\ Generation1\ CH1=TIM_CHANNEL_1
TIM2.IPParameters=Channel-PWM Generation1 CH1,Prescaler,PeriodNoDither,PulseNoDither_1,AutoReloadPreload
TIM2.PeriodNoDither=999
TIM2.Prescaler=2499
TIM2.PulseNoDither_1=0
TIM6.IPParameters=Prescaler
TIM6.IPParametersWithoutCheck=Prescaler
TIM6.Prescaler=((HAL_RCC_GetHCLKFreq() / 1000000) - 1)
USART6.AutoRetryCount=3
USART6.BaudRate=SC_DEFAULT_BAUD_RATE
USART6.CLKLastBit=SMARTCARD_LASTBIT_ENABLE
USART6.IPParameters=VirtualMode,VirtualClockMode,Prescaler,CLKLastBit,NACKState,TimeOutEnable,TimeOutValue,AutoRetryCount,OverrunDisableParam,BaudRate
USART6.IPParametersWithoutCheck=BaudRate,Prescaler
USART6.NACKState=SMARTCARD_NACK_ENABLE
USART6.OverrunDisableParam=ADVFEATURE_OVERRUN_DISABLE
USART6.Prescaler=SC_DEFAULT_PSC
USART6.TimeOutEnable=SMARTCARD_TIMEOUT_ENABLE
USART6.TimeOutValue=9600
USART6.VirtualClockMode=VM_SMARTCARD
USART6.VirtualMode=VM_SMARTCARD
USB.IPParameters=VirtualMode
USB.VirtualMode=Device_Only
VP_CRC_VS_CRC.Mode=CRC_Activate
VP_CRC_VS_CRC.Signal=CRC_VS_CRC
VP_GPDMA1_VS_GPDMACH0.Mode=SIMPLEREQUEST_GPDMACH0
VP_GPDMA1_VS_GPDMACH0.Signal=GPDMA1_VS_GPDMACH0
VP_GPDMA2_VS_GPDMACH5.Mode=LINKEDLIST_GPDMACH5
VP_GPDMA2_VS_GPDMACH5.Signal=GPDMA2_VS_GPDMACH5
VP_HASH_VS_HASH.Mode=HASH_Activate
VP_HASH_VS_HASH.Signal=HASH_VS_HASH
VP_ICACHE_VS_ICACHE.Mode=DefaultMode
VP_ICACHE_VS_ICACHE.Signal=ICACHE_VS_ICACHE
VP_MEMORYMAP_VS_MEMORYMAP.Mode=CurAppReg
VP_MEMORYMAP_VS_MEMORYMAP.Signal=MEMORYMAP_VS_MEMORYMAP
VP_PWR_VS_SECSignals.Mode=Security/Privilege
VP_PWR_VS_SECSignals.Signal=PWR_VS_SECSignals
VP_RNG_VS_RNG.Mode=RNG_Activate
VP_RNG_VS_RNG.Signal=RNG_VS_RNG
VP_SYS_VS_None.Mode=None
VP_SYS_VS_None.Signal=SYS_VS_None
VP_TIM2_VS_ClockSourceINT.Mode=Internal
VP_TIM2_VS_ClockSourceINT.Signal=TIM2_VS_ClockSourceINT
VP_TIM6_VS_ClockSourceINT.Mode=Enable_Timer
VP_TIM6_VS_ClockSourceINT.Signal=TIM6_VS_ClockSourceINT
board=NUCLEO-H563ZI
boardIOC=true
isbadioc=false
